
Microsoft Visual Studio Solution File, Format Version 12.00
# Visual Studio 15
VisualStudioVersion = 15.0.27703.2018
MinimumVisualStudioVersion = 10.0.40219.1
Project("{FAE04EC0-301F-11D3-BF4B-00C04F79EFBC}") = "SIS.HTTP", "SIS.HTTP\SIS.HTTP.csproj", "{80E48740-FAD7-43C8-B995-3DD0A098026D}"
EndProject
Project("{FAE04EC0-301F-11D3-BF4B-00C04F79EFBC}") = "SIS.WebServer", "SIS.WebServer\SIS.WebServer.csproj", "{38B9DB2F-EFD4-4378-84F6-BB908D827B7A}"
EndProject
Project("{FAE04EC0-301F-11D3-BF4B-00C04F79EFBC}") = "SIS.Demo", "SIS.Demo\SIS.Demo.csproj", "{622D8D94-6AA9-4C5C-8151-125C56A63D0F}"
EndProject
Global
	GlobalSection(SolutionConfigurationPlatforms) = preSolution
		Debug|Any CPU = Debug|Any CPU
		Release|Any CPU = Release|Any CPU
	EndGlobalSection
	GlobalSection(ProjectConfigurationPlatforms) = postSolution
		{80E48740-FAD7-43C8-B995-3DD0A098026D}.Debug|Any CPU.ActiveCfg = Debug|Any CPU
		{80E48740-FAD7-43C8-B995-3DD0A098026D}.Debug|Any CPU.Build.0 = Debug|Any CPU
		{80E48740-FAD7-43C8-B995-3DD0A098026D}.Release|Any CPU.ActiveCfg = Release|Any CPU
		{80E48740-FAD7-43C8-B995-3DD0A098026D}.Release|Any CPU.Build.0 = Release|Any CPU
		{38B9DB2F-EFD4-4378-84F6-BB908D827B7A}.Debug|Any CPU.ActiveCfg = Debug|Any CPU
		{38B9DB2F-EFD4-4378-84F6-BB908D827B7A}.Debug|Any CPU.Build.0 = Debug|Any CPU
		{38B9DB2F-EFD4-4378-84F6-BB908D827B7A}.Release|Any CPU.ActiveCfg = Release|Any CPU
		{38B9DB2F-EFD4-4378-84F6-BB908D827B7A}.Release|Any CPU.Build.0 = Release|Any CPU
		{622D8D94-6AA9-4C5C-8151-125C56A63D0F}.Debug|Any CPU.ActiveCfg = Debug|Any CPU
		{622D8D94-6AA9-4C5C-8151-125C56A63D0F}.Debug|Any CPU.Build.0 = Debug|Any CPU
		{622D8D94-6AA9-4C5C-8151-125C56A63D0F}.Release|Any CPU.ActiveCfg = Release|Any CPU
		{622D8D94-6AA9-4C5C-8151-125C56A63D0F}.Release|Any CPU.Build.0 = Release|Any CPU
	EndGlobalSection
	GlobalSection(SolutionProperties) = preSolution
		HideSolutionNode = FALSE
	EndGlobalSection
	GlobalSection(ExtensibilityGlobals) = postSolution
		SolutionGuid = {1AB0BDB8-1D23-4396-8077-D9BDAF0D0F27}
	EndGlobalSection
EndGlobal
